
Microsoft Visual Studio Solution File, Format Version 12.00
# Visual Studio Version 16
VisualStudioVersion = 16.0.29613.14
MinimumVisualStudioVersion = 10.0.40219.1
Project("{8BC9CEB8-8B4A-11D0-8D11-00A0C91BC942}") = "GUI", "GUI\GUI.vcxproj", "{41D99AFD-E0E4-4F01-A468-249CB7ED57FC}"
EndProject
Project("{8BC9CEB8-8B4A-11D0-8D11-00A0C91BC942}") = "Matrix", "Matrix\Matrix.vcxproj", "{6C9AC5A0-3A32-4BA0-8C68-ABC3AF1C340B}"
EndProject
Project("{8BC9CEB8-8B4A-11D0-8D11-00A0C91BC942}") = "ComputerGraphics2DTransformLibrary", "ComputerGraphics2DTransformLibrary\ComputerGraphics2DTransformLibrary.vcxproj", "{8BF96AC8-72C4-4DEE-B1CA-5AE70AA2B6F8}"
EndProject
Global
	GlobalSection(SolutionConfigurationPlatforms) = preSolution
		Debug|x64 = Debug|x64
		Debug|x86 = Debug|x86
		Release|x64 = Release|x64
		Release|x86 = Release|x86
	EndGlobalSection
	GlobalSection(ProjectConfigurationPlatforms) = postSolution
		{41D99AFD-E0E4-4F01-A468-249CB7ED57FC}.Debug|x64.ActiveCfg = Debug|x64
		{41D99AFD-E0E4-4F01-A468-249CB7ED57FC}.Debug|x64.Build.0 = Debug|x64
		{41D99AFD-E0E4-4F01-A468-249CB7ED57FC}.Debug|x86.ActiveCfg = Debug|x64
		{41D99AFD-E0E4-4F01-A468-249CB7ED57FC}.Release|x64.ActiveCfg = Release|x64
		{41D99AFD-E0E4-4F01-A468-249CB7ED57FC}.Release|x64.Build.0 = Release|x64
		{41D99AFD-E0E4-4F01-A468-249CB7ED57FC}.Release|x86.ActiveCfg = Release|x64
		{6C9AC5A0-3A32-4BA0-8C68-ABC3AF1C340B}.Debug|x64.ActiveCfg = Debug|x64
		{6C9AC5A0-3A32-4BA0-8C68-ABC3AF1C340B}.Debug|x64.Build.0 = Debug|x64
		{6C9AC5A0-3A32-4BA0-8C68-ABC3AF1C340B}.Debug|x86.ActiveCfg = Debug|Win32
		{6C9AC5A0-3A32-4BA0-8C68-ABC3AF1C340B}.Debug|x86.Build.0 = Debug|Win32
		{6C9AC5A0-3A32-4BA0-8C68-ABC3AF1C340B}.Release|x64.ActiveCfg = Release|x64
		{6C9AC5A0-3A32-4BA0-8C68-ABC3AF1C340B}.Release|x64.Build.0 = Release|x64
		{6C9AC5A0-3A32-4BA0-8C68-ABC3AF1C340B}.Release|x86.ActiveCfg = Release|Win32
		{6C9AC5A0-3A32-4BA0-8C68-ABC3AF1C340B}.Release|x86.Build.0 = Release|Win32
		{8BF96AC8-72C4-4DEE-B1CA-5AE70AA2B6F8}.Debug|x64.ActiveCfg = Debug|x64
		{8BF96AC8-72C4-4DEE-B1CA-5AE70AA2B6F8}.Debug|x64.Build.0 = Debug|x64
		{8BF96AC8-72C4-4DEE-B1CA-5AE70AA2B6F8}.Debug|x86.ActiveCfg = Debug|Win32
		{8BF96AC8-72C4-4DEE-B1CA-5AE70AA2B6F8}.Debug|x86.Build.0 = Debug|Win32
		{8BF96AC8-72C4-4DEE-B1CA-5AE70AA2B6F8}.Release|x64.ActiveCfg = Release|x64
		{8BF96AC8-72C4-4DEE-B1CA-5AE70AA2B6F8}.Release|x64.Build.0 = Release|x64
		{8BF96AC8-72C4-4DEE-B1CA-5AE70AA2B6F8}.Release|x86.ActiveCfg = Release|Win32
		{8BF96AC8-72C4-4DEE-B1CA-5AE70AA2B6F8}.Release|x86.Build.0 = Release|Win32
	EndGlobalSection
	GlobalSection(SolutionProperties) = preSolution
		HideSolutionNode = FALSE
	EndGlobalSection
	GlobalSection(ExtensibilityGlobals) = postSolution
		SolutionGuid = {7A3F3EB4-58AC-4578-8300-9346BFFE9306}
	EndGlobalSection
EndGlobal
