
Microsoft Visual Studio Solution File, Format Version 12.00
# Visual Studio Version 16
VisualStudioVersion = 16.0.29613.14
MinimumVisualStudioVersion = 10.0.40219.1
Project("{FAE04EC0-301F-11D3-BF4B-00C04F79EFBC}") = "GUI", "GUI\GUI.csproj", "{A50861C6-5F10-4E9F-BEA2-1BFB951DC7E4}"
EndProject
Global
	GlobalSection(SolutionConfigurationPlatforms) = preSolution
		Debug|Any CPU = Debug|Any CPU
		Release|Any CPU = Release|Any CPU
	EndGlobalSection
	GlobalSection(ProjectConfigurationPlatforms) = postSolution
		{A50861C6-5F10-4E9F-BEA2-1BFB951DC7E4}.Debug|Any CPU.ActiveCfg = Debug|Any CPU
		{A50861C6-5F10-4E9F-BEA2-1BFB951DC7E4}.Debug|Any CPU.Build.0 = Debug|Any CPU
		{A50861C6-5F10-4E9F-BEA2-1BFB951DC7E4}.Release|Any CPU.ActiveCfg = Release|Any CPU
		{A50861C6-5F10-4E9F-BEA2-1BFB951DC7E4}.Release|Any CPU.Build.0 = Release|Any CPU
	EndGlobalSection
	GlobalSection(SolutionProperties) = preSolution
		HideSolutionNode = FALSE
	EndGlobalSection
	GlobalSection(ExtensibilityGlobals) = postSolution
		SolutionGuid = {70AB1176-7EC3-479C-BF13-32B80213B475}
	EndGlobalSection
EndGlobal
