
Microsoft Visual Studio Solution File, Format Version 12.00
# Visual Studio Version 16
VisualStudioVersion = 16.0.29613.14
MinimumVisualStudioVersion = 10.0.40219.1
Project("{8BC9CEB8-8B4A-11D0-8D11-00A0C91BC942}") = "GUI", "GUI\GUI.vcxproj", "{AA68D21C-9087-4961-AB7F-FE73C722E9B6}"
EndProject
Global
	GlobalSection(SolutionConfigurationPlatforms) = preSolution
		Debug|x64 = Debug|x64
		Release|x64 = Release|x64
	EndGlobalSection
	GlobalSection(ProjectConfigurationPlatforms) = postSolution
		{AA68D21C-9087-4961-AB7F-FE73C722E9B6}.Debug|x64.ActiveCfg = Debug|x64
		{AA68D21C-9087-4961-AB7F-FE73C722E9B6}.Debug|x64.Build.0 = Debug|x64
		{AA68D21C-9087-4961-AB7F-FE73C722E9B6}.Release|x64.ActiveCfg = Release|x64
		{AA68D21C-9087-4961-AB7F-FE73C722E9B6}.Release|x64.Build.0 = Release|x64
	EndGlobalSection
	GlobalSection(SolutionProperties) = preSolution
		HideSolutionNode = FALSE
	EndGlobalSection
	GlobalSection(ExtensibilityGlobals) = postSolution
		SolutionGuid = {721A0E2F-A531-4C97-88F8-7CBF9FC5A158}
	EndGlobalSection
EndGlobal
