
Microsoft Visual Studio Solution File, Format Version 12.00
# Visual Studio Version 16
VisualStudioVersion = 16.0.29613.14
MinimumVisualStudioVersion = 10.0.40219.1
Project("{FAE04EC0-301F-11D3-BF4B-00C04F79EFBC}") = "GUI", "GUI\GUI.csproj", "{97002E5D-6C78-4E13-B7C4-B81F9DCA4355}"
EndProject
Global
	GlobalSection(SolutionConfigurationPlatforms) = preSolution
		Debug|Any CPU = Debug|Any CPU
		Release|Any CPU = Release|Any CPU
	EndGlobalSection
	GlobalSection(ProjectConfigurationPlatforms) = postSolution
		{97002E5D-6C78-4E13-B7C4-B81F9DCA4355}.Debug|Any CPU.ActiveCfg = Debug|Any CPU
		{97002E5D-6C78-4E13-B7C4-B81F9DCA4355}.Debug|Any CPU.Build.0 = Debug|Any CPU
		{97002E5D-6C78-4E13-B7C4-B81F9DCA4355}.Release|Any CPU.ActiveCfg = Release|Any CPU
		{97002E5D-6C78-4E13-B7C4-B81F9DCA4355}.Release|Any CPU.Build.0 = Release|Any CPU
	EndGlobalSection
	GlobalSection(SolutionProperties) = preSolution
		HideSolutionNode = FALSE
	EndGlobalSection
	GlobalSection(ExtensibilityGlobals) = postSolution
		SolutionGuid = {FFF86A1C-CB7D-4FE1-AFD3-F4081A6994BF}
	EndGlobalSection
EndGlobal
